{
  "name": "hubot-shortcut",
  "version": "1.0.5",
  "lockfileVersion": 1,
  "requires": true,
  "dependencies": {
    "hubot-conf": {
      "version": "2.0.1",
      "resolved": "https://registry.npmjs.org/hubot-conf/-/hubot-conf-2.0.1.tgz",
      "integrity": "sha512-DZ4KMUZoJRPfi963FmJmzdAxKDh+xm7RpOAT+wUY6EWF/D8o4UM+GVmvuuU2/sHQTcWfUi9lKAFzwyJKMmzxEg=="
    }
  }
}
